// !$*UTF8*$!
{
	archiveVersion = 1;
	classes = {
	};
	objectVersion = 50;
	objects = {

/* Begin PBXBuildFile section */
		F4F3BFCC250A87DD008F99A9 /* AppDelegate.swift in Sources */ = {isa = PBXBuildFile; fileRef = F4F3BFCB250A87DD008F99A9 /* AppDelegate.swift */; };
		F4F3BFCE250A87DD008F99A9 /* ContentView.swift in Sources */ = {isa = PBXBuildFile; fileRef = F4F3BFCD250A87DD008F99A9 /* ContentView.swift */; };
		F4F3BFD0250A87DF008F99A9 /* Assets.xcassets in Resources */ = {isa = PBXBuildFile; fileRef = F4F3BFCF250A87DF008F99A9 /* Assets.xcassets */; };
		F4F3BFD3250A87DF008F99A9 /* Preview Assets.xcassets in Resources */ = {isa = PBXBuildFile; fileRef = F4F3BFD2250A87DF008F99A9 /* Preview Assets.xcassets */; };
		F4F3BFD6250A87DF008F99A9 /* Main.storyboard in Resources */ = {isa = PBXBuildFile; fileRef = F4F3BFD4250A87DF008F99A9 /* Main.storyboard */; };
/* End PBXBuildFile section */

/* Begin PBXFileReference section */
		F4F3BFC8250A87DD008F99A9 /* statusHider.app */ = {isa = PBXFileReference; explicitFileType = wrapper.application; includeInIndex = 0; path = statusHider.app; sourceTree = BUILT_PRODUCTS_DIR; };
		F4F3BFCB250A87DD008F99A9 /* AppDelegate.swift */ = {isa = PBXFileReference; lastKnownFileType = sourcecode.swift; path = AppDelegate.swift; sourceTree = "<group>"; };
		F4F3BFCD250A87DD008F99A9 /* ContentView.swift */ = {isa = PBXFileReference; lastKnownFileType = sourcecode.swift; path = ContentView.swift; sourceTree = "<group>"; };
		F4F3BFCF250A87DF008F99A9 /* Assets.xcassets */ = {isa = PBXFileReference; lastKnownFileType = folder.assetcatalog; path = Assets.xcassets; sourceTree = "<group>"; };
		F4F3BFD2250A87DF008F99A9 /* Preview Assets.xcassets */ = {isa = PBXFileReference; lastKnownFileType = folder.assetcatalog; path = "Preview Assets.xcassets"; sourceTree = "<group>"; };
		F4F3BFD5250A87DF008F99A9 /* Base */ = {isa = PBXFileReference; lastKnownFileType = file.storyboard; name = Base; path = Base.lproj/Main.storyboard; sourceTree = "<group>"; };
		F4F3BFD7250A87DF008F99A9 /* Info.plist */ = {isa = PBXFileReference; lastKnownFileType = text.plist.xml; path = Info.plist; sourceTree = "<group>"; };
		F4F3BFD8250A87DF008F99A9 /* statusHider.entitlements */ = {isa = PBXFileReference; lastKnownFileType = text.plist.entitlements; path = statusHider.entitlements; sourceTree = "<group>"; };
/* End PBXFileReference section */

/* Begin PBXFrameworksBuildPhase section */
		F4F3BFC5250A87DD008F99A9 /* Frameworks */ = {
			isa = PBXFrameworksBuildPhase;
			buildActionMask = 2147483647;
			files = (
			);
			runOnlyForDeploymentPostprocessing = 0;
		};
/* End PBXFrameworksBuildPhase section */

/* Begin PBXGroup section */
		F4F3BFBF250A87DD008F99A9 = {
			isa = PBXGroup;
			children = (
				F4F3BFCA250A87DD008F99A9 /* statusHider */,
				F4F3BFC9250A87DD008F99A9 /* Products */,
			);
			sourceTree = "<group>";
		};
		F4F3BFC9250A87DD008F99A9 /* Products */ = {
			isa = PBXGroup;
			children = (
				F4F3BFC8250A87DD008F99A9 /* statusHider.app */,
			);
			name = Products;
			sourceTree = "<group>";
		};
		F4F3BFCA250A87DD008F99A9 /* statusHider */ = {
			isa = PBXGroup;
			children = (
				F4F3BFCB250A87DD008F99A9 /* AppDelegate.swift */,
				F4F3BFCD250A87DD008F99A9 /* ContentView.swift */,
				F4F3BFCF250A87DF008F99A9 /* Assets.xcassets */,
				F4F3BFD4250A87DF008F99A9 /* Main.storyboard */,
				F4F3BFD7250A87DF008F99A9 /* Info.plist */,
				F4F3BFD8250A87DF008F99A9 /* statusHider.entitlements */,
				F4F3BFD1250A87DF008F99A9 /* Preview Content */,
			);
			path = statusHider;
			sourceTree = "<group>";
		};
		F4F3BFD1250A87DF008F99A9 /* Preview Content */ = {
			isa = PBXGroup;
			children = (
				F4F3BFD2250A87DF008F99A9 /* Preview Assets.xcassets */,
			);
			path = "Preview Content";
			sourceTree = "<group>";
		};
/* End PBXGroup section */

/* Begin PBXNativeTarget section */
		F4F3BFC7250A87DD008F99A9 /* statusHider */ = {
			isa = PBXNativeTarget;
			buildConfigurationList = F4F3BFDB250A87DF008F99A9 /* Build configuration list for PBXNativeTarget "statusHider" */;
			buildPhases = (
				F4F3BFC4250A87DD008F99A9 /* Sources */,
				F4F3BFC5250A87DD008F99A9 /* Frameworks */,
				F4F3BFC6250A87DD008F99A9 /* Resources */,
			);
			buildRules = (
			);
			dependencies = (
			);
			name = statusHider;
			productName = statusHider;
			productReference = F4F3BFC8250A87DD008F99A9 /* statusHider.app */;
			productType = "com.apple.product-type.application";
		};
/* End PBXNativeTarget section */

/* Begin PBXProject section */
		F4F3BFC0250A87DD008F99A9 /* Project object */ = {
			isa = PBXProject;
			attributes = {
				LastSwiftUpdateCheck = 1170;
				LastUpgradeCheck = 1170;
				ORGANIZATIONNAME = "Mehdi Ghannadan";
				TargetAttributes = {
					F4F3BFC7250A87DD008F99A9 = {
						CreatedOnToolsVersion = 11.7;
					};
				};
			};
			buildConfigurationList = F4F3BFC3250A87DD008F99A9 /* Build configuration list for PBXProject "statusHider" */;
			compatibilityVersion = "Xcode 9.3";
			developmentRegion = en;
			hasScannedForEncodings = 0;
			knownRegions = (
				en,
				Base,
			);
			mainGroup = F4F3BFBF250A87DD008F99A9;
			productRefGroup = F4F3BFC9250A87DD008F99A9 /* Products */;
			projectDirPath = "";
			projectRoot = "";
			targets = (
				F4F3BFC7250A87DD008F99A9 /* statusHider */,
			);
		};
/* End PBXProject section */

/* Begin PBXResourcesBuildPhase section */
		F4F3BFC6250A87DD008F99A9 /* Resources */ = {
			isa = PBXResourcesBuildPhase;
			buildActionMask = 2147483647;
			files = (
				F4F3BFD6250A87DF008F99A9 /* Main.storyboard in Resources */,
				F4F3BFD3250A87DF008F99A9 /* Preview Assets.xcassets in Resources */,
				F4F3BFD0250A87DF008F99A9 /* Assets.xcassets in Resources */,
			);
			runOnlyForDeploymentPostprocessing = 0;
		};
/* End PBXResourcesBuildPhase section */

/* Begin PBXSourcesBuildPhase section */
		F4F3BFC4250A87DD008F99A9 /* Sources */ = {
			isa = PBXSourcesBuildPhase;
			buildActionMask = 2147483647;
			files = (
				F4F3BFCE250A87DD008F99A9 /* ContentView.swift in Sources */,
				F4F3BFCC250A87DD008F99A9 /* AppDelegate.swift in Sources */,
			);
			runOnlyForDeploymentPostprocessing = 0;
		};
/* End PBXSourcesBuildPhase section */

/* Begin PBXVariantGroup section */
		F4F3BFD4250A87DF008F99A9 /* Main.storyboard */ = {
			isa = PBXVariantGroup;
			children = (
				F4F3BFD5250A87DF008F99A9 /* Base */,
			);
			name = Main.storyboard;
			sourceTree = "<group>";
		};
/* End PBXVariantGroup section */

/* Begin XCBuildConfiguration section */
		F4F3BFD9250A87DF008F99A9 /* Debug */ = {
			isa = XCBuildConfiguration;
			buildSettings = {
				ALWAYS_SEARCH_USER_PATHS = NO;
				CLANG_ANALYZER_NONNULL = YES;
				CLANG_ANALYZER_NUMBER_OBJECT_CONVERSION = YES_AGGRESSIVE;
				CLANG_CXX_LANGUAGE_STANDARD = "gnu++14";
				CLANG_CXX_LIBRARY = "libc++";
				CLANG_ENABLE_MODULES = YES;
				CLANG_ENABLE_OBJC_ARC = YES;
				CLANG_ENABLE_OBJC_WEAK = YES;
				CLANG_WARN_BLOCK_CAPTURE_AUTORELEASING = YES;
				CLANG_WARN_BOOL_CONVERSION = YES;
				CLANG_WARN_COMMA = YES;
				CLANG_WARN_CONSTANT_CONVERSION = YES;
				CLANG_WARN_DEPRECATED_OBJC_IMPLEMENTATIONS = YES;
				CLANG_WARN_DIRECT_OBJC_ISA_USAGE = YES_ERROR;
				CLANG_WARN_DOCUMENTATION_COMMENTS = YES;
				CLANG_WARN_EMPTY_BODY = YES;
				CLANG_WARN_ENUM_CONVERSION = YES;
				CLANG_WARN_INFINITE_RECURSION = YES;
				CLANG_WARN_INT_CONVERSION = YES;
				CLANG_WARN_NON_LITERAL_NULL_CONVERSION = YES;
				CLANG_WARN_OBJC_IMPLICIT_RETAIN_SELF = YES;
				CLANG_WARN_OBJC_LITERAL_CONVERSION = YES;
				CLANG_WARN_OBJC_ROOT_CLASS = YES_ERROR;
				CLANG_WARN_RANGE_LOOP_ANALYSIS = YES;
				CLANG_WARN_STRICT_PROTOTYPES = YES;
				CLANG_WARN_SUSPICIOUS_MOVE = YES;
				CLANG_WARN_UNGUARDED_AVAILABILITY = YES_AGGRESSIVE;
				CLANG_WARN_UNREACHABLE_CODE = YES;
				CLANG_WARN__DUPLICATE_METHOD_MATCH = YES;
				COPY_PHASE_STRIP = NO;
				DEBUG_INFORMATION_FORMAT = dwarf;
				ENABLE_STRICT_OBJC_MSGSEND = YES;
				ENABLE_TESTABILITY = YES;
				GCC_C_LANGUAGE_STANDARD = gnu11;
				GCC_DYNAMIC_NO_PIC = NO;
				GCC_NO_COMMON_BLOCKS = YES;
				GCC_OPTIMIZATION_LEVEL = 0;
				GCC_PREPROCESSOR_DEFINITIONS = (
					"DEBUG=1",
					"$(inherited)",
				);
				GCC_WARN_64_TO_32_BIT_CONVERSION = YES;
				GCC_WARN_ABOUT_RETURN_TYPE = YES_ERROR;
				GCC_WARN_UNDECLARED_SELECTOR = YES;
				GCC_WARN_UNINITIALIZED_AUTOS = YES_AGGRESSIVE;
				GCC_WARN_UNUSED_FUNCTION = YES;
				GCC_WARN_UNUSED_VARIABLE = YES;
				MACOSX_DEPLOYMENT_TARGET = 10.15;
				MTL_ENABLE_DEBUG_INFO = INCLUDE_SOURCE;
				MTL_FAST_MATH = YES;
				ONLY_ACTIVE_ARCH = YES;
				SDKROOT = macosx;
				SWIFT_ACTIVE_COMPILATION_CONDITIONS = DEBUG;
				SWIFT_OPTIMIZATION_LEVEL = "-Onone";
			};
			name = Debug;
		};
		F4F3BFDA250A87DF008F99A9 /* Release */ = {
			isa = XCBuildConfiguration;
			buildSettings = {
				ALWAYS_SEARCH_USER_PATHS = NO;
				CLANG_ANALYZER_NONNULL = YES;
				CLANG_ANALYZER_NUMBER_OBJECT_CONVERSION = YES_AGGRESSIVE;
				CLANG_CXX_LANGUAGE_STANDARD = "gnu++14";
				CLANG_CXX_LIBRARY = "libc++";
				CLANG_ENABLE_MODULES = YES;
				CLANG_ENABLE_OBJC_ARC = YES;
				CLANG_ENABLE_OBJC_WEAK = YES;
				CLANG_WARN_BLOCK_CAPTURE_AUTORELEASING = YES;
				CLANG_WARN_BOOL_CONVERSION = YES;
				CLANG_WARN_COMMA = YES;
				CLANG_WARN_CONSTANT_CONVERSION = YES;
				CLANG_WARN_DEPRECATED_OBJC_IMPLEMENTATIONS = YES;
				CLANG_WARN_DIRECT_OBJC_ISA_USAGE = YES_ERROR;
				CLANG_WARN_DOCUMENTATION_COMMENTS = YES;
				CLANG_WARN_EMPTY_BODY = YES;
				CLANG_WARN_ENUM_CONVERSION = YES;
				CLANG_WARN_INFINITE_RECURSION = YES;
				CLANG_WARN_INT_CONVERSION = YES;
				CLANG_WARN_NON_LITERAL_NULL_CONVERSION = YES;
				CLANG_WARN_OBJC_IMPLICIT_RETAIN_SELF = YES;
				CLANG_WARN_OBJC_LITERAL_CONVERSION = YES;
				CLANG_WARN_OBJC_ROOT_CLASS = YES_ERROR;
				CLANG_WARN_RANGE_LOOP_ANALYSIS = YES;
				CLANG_WARN_STRICT_PROTOTYPES = YES;
				CLANG_WARN_SUSPICIOUS_MOVE = YES;
				CLANG_WARN_UNGUARDED_AVAILABILITY = YES_AGGRESSIVE;
				CLANG_WARN_UNREACHABLE_CODE = YES;
				CLANG_WARN__DUPLICATE_METHOD_MATCH = YES;
				COPY_PHASE_STRIP = NO;
				DEBUG_INFORMATION_FORMAT = "dwarf-with-dsym";
				ENABLE_NS_ASSERTIONS = NO;
				ENABLE_STRICT_OBJC_MSGSEND = YES;
				GCC_C_LANGUAGE_STANDARD = gnu11;
				GCC_NO_COMMON_BLOCKS = YES;
				GCC_WARN_64_TO_32_BIT_CONVERSION = YES;
				GCC_WARN_ABOUT_RETURN_TYPE = YES_ERROR;
				GCC_WARN_UNDECLARED_SELECTOR = YES;
				GCC_WARN_UNINITIALIZED_AUTOS = YES_AGGRESSIVE;
				GCC_WARN_UNUSED_FUNCTION = YES;
				GCC_WARN_UNUSED_VARIABLE = YES;
				MACOSX_DEPLOYMENT_TARGET = 10.15;
				MTL_ENABLE_DEBUG_INFO = NO;
				MTL_FAST_MATH = YES;
				SDKROOT = macosx;
				SWIFT_COMPILATION_MODE = wholemodule;
				SWIFT_OPTIMIZATION_LEVEL = "-O";
			};
			name = Release;
		};
		F4F3BFDC250A87DF008F99A9 /* Debug */ = {
			isa = XCBuildConfiguration;
			buildSettings = {
				ASSETCATALOG_COMPILER_APPICON_NAME = AppIcon;
				CODE_SIGN_ENTITLEMENTS = statusHider/statusHider.entitlements;
				CODE_SIGN_STYLE = Automatic;
				COMBINE_HIDPI_IMAGES = YES;
				DEVELOPMENT_ASSET_PATHS = "\"statusHider/Preview Content\"";
				DEVELOPMENT_TEAM = 8G9SR3VSMQ;
				ENABLE_HARDENED_RUNTIME = YES;
				ENABLE_PREVIEWS = YES;
				INFOPLIST_FILE = statusHider/Info.plist;
				LD_RUNPATH_SEARCH_PATHS = (
					"$(inherited)",
					"@executable_path/../Frameworks",
				);
				MACOSX_DEPLOYMENT_TARGET = 10.15;
				PRODUCT_BUNDLE_IDENTIFIER = mehdi.statusHider;
				PRODUCT_NAME = "$(TARGET_NAME)";
				SWIFT_VERSION = 5.0;
			};
			name = Debug;
		};
		F4F3BFDD250A87DF008F99A9 /* Release */ = {
			isa = XCBuildConfiguration;
			buildSettings = {
				ASSETCATALOG_COMPILER_APPICON_NAME = AppIcon;
				CODE_SIGN_ENTITLEMENTS = statusHider/statusHider.entitlements;
				CODE_SIGN_STYLE = Automatic;
				COMBINE_HIDPI_IMAGES = YES;
				DEVELOPMENT_ASSET_PATHS = "\"statusHider/Preview Content\"";
				DEVELOPMENT_TEAM = 8G9SR3VSMQ;
				ENABLE_HARDENED_RUNTIME = YES;
				ENABLE_PREVIEWS = YES;
				INFOPLIST_FILE = statusHider/Info.plist;
				LD_RUNPATH_SEARCH_PATHS = (
					"$(inherited)",
					"@executable_path/../Frameworks",
				);
				MACOSX_DEPLOYMENT_TARGET = 10.15;
				PRODUCT_BUNDLE_IDENTIFIER = mehdi.statusHider;
				PRODUCT_NAME = "$(TARGET_NAME)";
				SWIFT_VERSION = 5.0;
			};
			name = Release;
		};
/* End XCBuildConfiguration section */

/* Begin XCConfigurationList section */
		F4F3BFC3250A87DD008F99A9 /* Build configuration list for PBXProject "statusHider" */ = {
			isa = XCConfigurationList;
			buildConfigurations = (
				F4F3BFD9250A87DF008F99A9 /* Debug */,
				F4F3BFDA250A87DF008F99A9 /* Release */,
			);
			defaultConfigurationIsVisible = 0;
			defaultConfigurationName = Release;
		};
		F4F3BFDB250A87DF008F99A9 /* Build configuration list for PBXNativeTarget "statusHider" */ = {
			isa = XCConfigurationList;
			buildConfigurations = (
				F4F3BFDC250A87DF008F99A9 /* Debug */,
				F4F3BFDD250A87DF008F99A9 /* Release */,
			);
			defaultConfigurationIsVisible = 0;
			defaultConfigurationName = Release;
		};
/* End XCConfigurationList section */
	};
	rootObject = F4F3BFC0250A87DD008F99A9 /* Project object */;
}
